github.com/snugfox/ansi-escapes v0.2.0 h1:vKrafCe+sRkcVBUP+0AVmpH2vHsnDmSwSp/7p9m7Aqc=
github.com/snugfox/ansi-escapes v0.2.0/go.mod h1:7GY2wPrDOaZyZ/OlSWalu7T+RKdkSrPfQHDr3xl8yGk=
golang.org/x/sys v0.0.0-20190124100055-b90733256f2e h1:3GIlrlVLfkoipSReOMNAgApI0ajnalyLa/EZHHca/XI=
golang.org/x/sys v0.0.0-20190124100055-b90733256f2e/go.mod h1:STP8DvDyc/dI5b8T5hshtkjS+E42TnysNCUPdjciGhY=
